
Microsoft Visual Studio Solution File, Format Version 12.00
# Visual Studio Version 17
VisualStudioVersion = 17.0.32126.317
MinimumVisualStudioVersion = 10.0.40219.1
Project("{FAE04EC0-301F-11D3-BF4B-00C04F79EFBC}") = "BOOKSTORE", "BOOKSTORE\BOOKSTORE.csproj", "{42F124C3-4BDD-4BD4-8330-DF73A59608D4}"
EndProject
Project("{FAE04EC0-301F-11D3-BF4B-00C04F79EFBC}") = "Domain", "Domain\Domain.csproj", "{F183DB49-4A62-4517-B0F7-8486E9C10A94}"
EndProject
Project("{FAE04EC0-301F-11D3-BF4B-00C04F79EFBC}") = "Infrastucture", "Infrastucture\Infrastucture.csproj", "{427DEED7-DC24-4D0F-941B-7751F95827B0}"
EndProject
Global
	GlobalSection(SolutionConfigurationPlatforms) = preSolution
		Debug|Any CPU = Debug|Any CPU
		Release|Any CPU = Release|Any CPU
	EndGlobalSection
	GlobalSection(ProjectConfigurationPlatforms) = postSolution
		{42F124C3-4BDD-4BD4-8330-DF73A59608D4}.Debug|Any CPU.ActiveCfg = Debug|Any CPU
		{42F124C3-4BDD-4BD4-8330-DF73A59608D4}.Debug|Any CPU.Build.0 = Debug|Any CPU
		{42F124C3-4BDD-4BD4-8330-DF73A59608D4}.Release|Any CPU.ActiveCfg = Release|Any CPU
		{42F124C3-4BDD-4BD4-8330-DF73A59608D4}.Release|Any CPU.Build.0 = Release|Any CPU
		{F183DB49-4A62-4517-B0F7-8486E9C10A94}.Debug|Any CPU.ActiveCfg = Debug|Any CPU
		{F183DB49-4A62-4517-B0F7-8486E9C10A94}.Debug|Any CPU.Build.0 = Debug|Any CPU
		{F183DB49-4A62-4517-B0F7-8486E9C10A94}.Release|Any CPU.ActiveCfg = Release|Any CPU
		{F183DB49-4A62-4517-B0F7-8486E9C10A94}.Release|Any CPU.Build.0 = Release|Any CPU
		{427DEED7-DC24-4D0F-941B-7751F95827B0}.Debug|Any CPU.ActiveCfg = Debug|Any CPU
		{427DEED7-DC24-4D0F-941B-7751F95827B0}.Debug|Any CPU.Build.0 = Debug|Any CPU
		{427DEED7-DC24-4D0F-941B-7751F95827B0}.Release|Any CPU.ActiveCfg = Release|Any CPU
		{427DEED7-DC24-4D0F-941B-7751F95827B0}.Release|Any CPU.Build.0 = Release|Any CPU
	EndGlobalSection
	GlobalSection(SolutionProperties) = preSolution
		HideSolutionNode = FALSE
	EndGlobalSection
	GlobalSection(ExtensibilityGlobals) = postSolution
		SolutionGuid = {72E0E429-D9F2-4787-BA17-5EF4DC7E461B}
	EndGlobalSection
EndGlobal
